
Microsoft Visual Studio Solution File, Format Version 12.00
# Visual Studio Version 16
VisualStudioVersion = 16.0.31321.278
MinimumVisualStudioVersion = 10.0.40219.1
Project("{FAE04EC0-301F-11D3-BF4B-00C04F79EFBC}") = "WindowsFormsApp4", "WindowsFormsApp4\WindowsFormsApp4.csproj", "{181DCE84-FE81-412A-92E7-368578330ACD}"
EndProject
Global
	GlobalSection(SolutionConfigurationPlatforms) = preSolution
		Debug|Any CPU = Debug|Any CPU
		Release|Any CPU = Release|Any CPU
	EndGlobalSection
	GlobalSection(ProjectConfigurationPlatforms) = postSolution
		{181DCE84-FE81-412A-92E7-368578330ACD}.Debug|Any CPU.ActiveCfg = Debug|Any CPU
		{181DCE84-FE81-412A-92E7-368578330ACD}.Debug|Any CPU.Build.0 = Debug|Any CPU
		{181DCE84-FE81-412A-92E7-368578330ACD}.Release|Any CPU.ActiveCfg = Release|Any CPU
		{181DCE84-FE81-412A-92E7-368578330ACD}.Release|Any CPU.Build.0 = Release|Any CPU
	EndGlobalSection
	GlobalSection(SolutionProperties) = preSolution
		HideSolutionNode = FALSE
	EndGlobalSection
	GlobalSection(ExtensibilityGlobals) = postSolution
		SolutionGuid = {DFF9D8A3-8651-4830-B25B-88BA07E56639}
	EndGlobalSection
EndGlobal
