
Microsoft Visual Studio Solution File, Format Version 12.00
# Visual Studio Version 16
VisualStudioVersion = 16.0.31424.327
MinimumVisualStudioVersion = 10.0.40219.1
Project("{FAE04EC0-301F-11D3-BF4B-00C04F79EFBC}") = "Session25", "Session25\Session25.csproj", "{47A76BC5-D234-48FC-A6C0-9E9988945F65}"
EndProject
Project("{FAE04EC0-301F-11D3-BF4B-00C04F79EFBC}") = "Session25.Model", "Session25.Model\Session25.Model.csproj", "{E21200E4-9C3B-4E1B-8393-212D0FCD2FAE}"
EndProject
Global
	GlobalSection(SolutionConfigurationPlatforms) = preSolution
		Debug|Any CPU = Debug|Any CPU
		Release|Any CPU = Release|Any CPU
	EndGlobalSection
	GlobalSection(ProjectConfigurationPlatforms) = postSolution
		{47A76BC5-D234-48FC-A6C0-9E9988945F65}.Debug|Any CPU.ActiveCfg = Debug|Any CPU
		{47A76BC5-D234-48FC-A6C0-9E9988945F65}.Debug|Any CPU.Build.0 = Debug|Any CPU
		{47A76BC5-D234-48FC-A6C0-9E9988945F65}.Release|Any CPU.ActiveCfg = Release|Any CPU
		{47A76BC5-D234-48FC-A6C0-9E9988945F65}.Release|Any CPU.Build.0 = Release|Any CPU
		{E21200E4-9C3B-4E1B-8393-212D0FCD2FAE}.Debug|Any CPU.ActiveCfg = Debug|Any CPU
		{E21200E4-9C3B-4E1B-8393-212D0FCD2FAE}.Debug|Any CPU.Build.0 = Debug|Any CPU
		{E21200E4-9C3B-4E1B-8393-212D0FCD2FAE}.Release|Any CPU.ActiveCfg = Release|Any CPU
		{E21200E4-9C3B-4E1B-8393-212D0FCD2FAE}.Release|Any CPU.Build.0 = Release|Any CPU
	EndGlobalSection
	GlobalSection(SolutionProperties) = preSolution
		HideSolutionNode = FALSE
	EndGlobalSection
	GlobalSection(ExtensibilityGlobals) = postSolution
		SolutionGuid = {F26EA569-E8DA-4C7F-AE00-F63DDE7671A5}
	EndGlobalSection
EndGlobal
