
Microsoft Visual Studio Solution File, Format Version 12.00
# Visual Studio Version 16
VisualStudioVersion = 16.0.31321.278
MinimumVisualStudioVersion = 10.0.40219.1
Project("{FAE04EC0-301F-11D3-BF4B-00C04F79EFBC}") = "ConsoleApp2", "ConsoleApp2\ConsoleApp2.csproj", "{5921FF7F-8C46-43C3-B494-0BBDA9081C15}"
EndProject
Project("{FAE04EC0-301F-11D3-BF4B-00C04F79EFBC}") = "ClassLibrary1", "ClassLibrary1\ClassLibrary1.csproj", "{E4B51316-8907-4E2E-9019-C2A417D95D04}"
EndProject
Global
	GlobalSection(SolutionConfigurationPlatforms) = preSolution
		Debug|Any CPU = Debug|Any CPU
		Release|Any CPU = Release|Any CPU
	EndGlobalSection
	GlobalSection(ProjectConfigurationPlatforms) = postSolution
		{5921FF7F-8C46-43C3-B494-0BBDA9081C15}.Debug|Any CPU.ActiveCfg = Debug|Any CPU
		{5921FF7F-8C46-43C3-B494-0BBDA9081C15}.Debug|Any CPU.Build.0 = Debug|Any CPU
		{5921FF7F-8C46-43C3-B494-0BBDA9081C15}.Release|Any CPU.ActiveCfg = Release|Any CPU
		{5921FF7F-8C46-43C3-B494-0BBDA9081C15}.Release|Any CPU.Build.0 = Release|Any CPU
		{E4B51316-8907-4E2E-9019-C2A417D95D04}.Debug|Any CPU.ActiveCfg = Debug|Any CPU
		{E4B51316-8907-4E2E-9019-C2A417D95D04}.Debug|Any CPU.Build.0 = Debug|Any CPU
		{E4B51316-8907-4E2E-9019-C2A417D95D04}.Release|Any CPU.ActiveCfg = Release|Any CPU
		{E4B51316-8907-4E2E-9019-C2A417D95D04}.Release|Any CPU.Build.0 = Release|Any CPU
	EndGlobalSection
	GlobalSection(SolutionProperties) = preSolution
		HideSolutionNode = FALSE
	EndGlobalSection
	GlobalSection(ExtensibilityGlobals) = postSolution
		SolutionGuid = {63034EC6-E297-4C0A-B034-CDBC101E4CF2}
	EndGlobalSection
EndGlobal
